
Microsoft Visual Studio Solution File, Format Version 12.00
# Visual Studio 2012
Project("{CC5FD16D-436D-48AD-A40C-5A424C6E3E79}") = "Go", "Go\Go.ccproj", "{D0556375-12FB-4534-8958-C4CC489FF2BD}"
EndProject
Project("{FAE04EC0-301F-11D3-BF4B-00C04F79EFBC}") = "Go.Web", "Go.Web\Go.Web.csproj", "{3FFF207E-B8F0-4116-BB36-9342D01CF715}"
EndProject
Global
	GlobalSection(SolutionConfigurationPlatforms) = preSolution
		Debug|Any CPU = Debug|Any CPU
		Release|Any CPU = Release|Any CPU
	EndGlobalSection
	GlobalSection(ProjectConfigurationPlatforms) = postSolution
		{D0556375-12FB-4534-8958-C4CC489FF2BD}.Debug|Any CPU.ActiveCfg = Debug|Any CPU
		{D0556375-12FB-4534-8958-C4CC489FF2BD}.Debug|Any CPU.Build.0 = Debug|Any CPU
		{D0556375-12FB-4534-8958-C4CC489FF2BD}.Release|Any CPU.ActiveCfg = Release|Any CPU
		{D0556375-12FB-4534-8958-C4CC489FF2BD}.Release|Any CPU.Build.0 = Release|Any CPU
		{3FFF207E-B8F0-4116-BB36-9342D01CF715}.Debug|Any CPU.ActiveCfg = Debug|Any CPU
		{3FFF207E-B8F0-4116-BB36-9342D01CF715}.Debug|Any CPU.Build.0 = Debug|Any CPU
		{3FFF207E-B8F0-4116-BB36-9342D01CF715}.Release|Any CPU.ActiveCfg = Release|Any CPU
		{3FFF207E-B8F0-4116-BB36-9342D01CF715}.Release|Any CPU.Build.0 = Release|Any CPU
	EndGlobalSection
	GlobalSection(SolutionProperties) = preSolution
		HideSolutionNode = FALSE
	EndGlobalSection
EndGlobal
